
Microsoft Visual Studio Solution File, Format Version 12.00
# Visual Studio Version 17
VisualStudioVersion = 17.5.33424.131
MinimumVisualStudioVersion = 10.0.40219.1
Project("{FAE04EC0-301F-11D3-BF4B-00C04F79EFBC}") = "ConsoleApp1", "ConsoleApp1\ConsoleApp1.csproj", "{AB176E40-3161-4552-867D-0577B4015274}"
EndProject
Global
	GlobalSection(SolutionConfigurationPlatforms) = preSolution
		Debug|Any CPU = Debug|Any CPU
		Release|Any CPU = Release|Any CPU
	EndGlobalSection
	GlobalSection(ProjectConfigurationPlatforms) = postSolution
		{AB176E40-3161-4552-867D-0577B4015274}.Debug|Any CPU.ActiveCfg = Debug|Any CPU
		{AB176E40-3161-4552-867D-0577B4015274}.Debug|Any CPU.Build.0 = Debug|Any CPU
		{AB176E40-3161-4552-867D-0577B4015274}.Release|Any CPU.ActiveCfg = Release|Any CPU
		{AB176E40-3161-4552-867D-0577B4015274}.Release|Any CPU.Build.0 = Release|Any CPU
	EndGlobalSection
	GlobalSection(SolutionProperties) = preSolution
		HideSolutionNode = FALSE
	EndGlobalSection
	GlobalSection(ExtensibilityGlobals) = postSolution
		SolutionGuid = {F3717C57-9C1A-48FD-840E-1BCA04186719}
	EndGlobalSection
EndGlobal
